// !$*UTF8*$!
{
	archiveVersion = 1;
	classes = {
	};
	objectVersion = 46;
	objects = {

/* Begin PBXBuildFile section */
		AA0A36E817A89E5600E185AA /* UIKit.framework in Frameworks */ = {isa = PBXBuildFile; fileRef = AA0A36E717A89E5600E185AA /* UIKit.framework */; };
		AA0A36EA17A89E5600E185AA /* Foundation.framework in Frameworks */ = {isa = PBXBuildFile; fileRef = AA0A36E917A89E5600E185AA /* Foundation.framework */; };
		AA0A36EC17A89E5600E185AA /* CoreGraphics.framework in Frameworks */ = {isa = PBXBuildFile; fileRef = AA0A36EB17A89E5600E185AA /* CoreGraphics.framework */; };
		AA0A370F17A89FB100E185AA /* AppDelegate.m in Sources */ = {isa = PBXBuildFile; fileRef = AA0A370617A89FB100E185AA /* AppDelegate.m */; };
		AA0A371417A89FB100E185AA /* main.m in Sources */ = {isa = PBXBuildFile; fileRef = AA0A370C17A89FB100E185AA /* main.m */; };
		AA0A371A17A8A00E00E185AA /* Default-568h@2x.png in Resources */ = {isa = PBXBuildFile; fileRef = AA0A371717A8A00E00E185AA /* Default-568h@2x.png */; };
		AA0A371B17A8A00E00E185AA /* Default.png in Resources */ = {isa = PBXBuildFile; fileRef = AA0A371817A8A00E00E185AA /* Default.png */; };
		AA0A371C17A8A00E00E185AA /* Default@2x.png in Resources */ = {isa = PBXBuildFile; fileRef = AA0A371917A8A00E00E185AA /* Default@2x.png */; };
		AA0A375917A8A1AC00E185AA /* CampfireCircleView.m in Sources */ = {isa = PBXBuildFile; fileRef = AA0A373217A8A1AC00E185AA /* CampfireCircleView.m */; };
		AA0A375A17A8A1AC00E185AA /* PlayerSplitOverviewView.m in Sources */ = {isa = PBXBuildFile; fileRef = AA0A373417A8A1AC00E185AA /* PlayerSplitOverviewView.m */; };
		AA0A375C17A8A1AC00E185AA /* Game.m in Sources */ = {isa = PBXBuildFile; fileRef = AA0A373817A8A1AC00E185AA /* Game.m */; };
		AA0A375F17A8A1AC00E185AA /* SplitSetupViewController.m in Sources */ = {isa = PBXBuildFile; fileRef = AA0A373D17A8A1AC00E185AA /* SplitSetupViewController.m */; };
		AA0A376317A8A1AC00E185AA /* IntroScreenViewController.m in Sources */ = {isa = PBXBuildFile; fileRef = AA0A374317A8A1AC00E185AA /* IntroScreenViewController.m */; };
		AA0A376517A8A1AC00E185AA /* Move.m in Sources */ = {isa = PBXBuildFile; fileRef = AA0A374617A8A1AC00E185AA /* Move.m */; };
		AA0A376617A8A1AC00E185AA /* Player.m in Sources */ = {isa = PBXBuildFile; fileRef = AA0A374817A8A1AC00E185AA /* Player.m */; };
		AA0A376717A8A1AC00E185AA /* PlayerSetupViewController.m in Sources */ = {isa = PBXBuildFile; fileRef = AA0A374A17A8A1AC00E185AA /* PlayerSetupViewController.m */; };
		AA0A376917A8A1AC00E185AA /* PlayerView.m in Sources */ = {isa = PBXBuildFile; fileRef = AA0A374D17A8A1AC00E185AA /* PlayerView.m */; };
		AA0A376A17A8A1AC00E185AA /* TypeSetupViewController.m in Sources */ = {isa = PBXBuildFile; fileRef = AA0A374F17A8A1AC00E185AA /* TypeSetupViewController.m */; };
		AA0A377017A8A2F100E185AA /* WerewolvesRootViewcontroller.m in Sources */ = {isa = PBXBuildFile; fileRef = AA0A376F17A8A2F100E185AA /* WerewolvesRootViewcontroller.m */; };
		AAA5ADA417AC6E71000B174F /* ContentViewController.m in Sources */ = {isa = PBXBuildFile; fileRef = AAA5ADA317AC6E71000B174F /* ContentViewController.m */; };
		AAA5ADC017ADA45E000B174F /* ball.png in Resources */ = {isa = PBXBuildFile; fileRef = AAA5ADA517ADA45E000B174F /* ball.png */; };
		AAA5ADC117ADA45E000B174F /* ballFULL.png in Resources */ = {isa = PBXBuildFile; fileRef = AAA5ADA617ADA45E000B174F /* ballFULL.png */; };
		AAA5ADC217ADA45E000B174F /* fire.png in Resources */ = {isa = PBXBuildFile; fileRef = AAA5ADA717ADA45E000B174F /* fire.png */; };
		AAA5ADC317ADA45E000B174F /* fireFULL.png in Resources */ = {isa = PBXBuildFile; fileRef = AAA5ADA817ADA45E000B174F /* fireFULL.png */; };
		AAA5ADC417ADA45E000B174F /* healer_dead.png in Resources */ = {isa = PBXBuildFile; fileRef = AAA5ADA917ADA45E000B174F /* healer_dead.png */; };
		AAA5ADC517ADA45E000B174F /* healer_sleep.png in Resources */ = {isa = PBXBuildFile; fileRef = AAA5ADAA17ADA45E000B174F /* healer_sleep.png */; };
		AAA5ADC617ADA45E000B174F /* healer.png in Resources */ = {isa = PBXBuildFile; fileRef = AAA5ADAB17ADA45E000B174F /* healer.png */; };
		AAA5ADC717ADA45E000B174F /* hunter_dead.png in Resources */ = {isa = PBXBuildFile; fileRef = AAA5ADAC17ADA45E000B174F /* hunter_dead.png */; };
		AAA5ADC817ADA45E000B174F /* hunter_sleep.png in Resources */ = {isa = PBXBuildFile; fileRef = AAA5ADAD17ADA45E000B174F /* hunter_sleep.png */; };
		AAA5ADC917ADA45E000B174F /* hunter.png in Resources */ = {isa = PBXBuildFile; fileRef = AAA5ADAE17ADA45E000B174F /* hunter.png */; };
		AAA5ADCA17ADA45E000B174F /* moon.png in Resources */ = {isa = PBXBuildFile; fileRef = AAA5ADAF17ADA45E000B174F /* moon.png */; };
		AAA5ADCB17ADA45E000B174F /* moonFULL.png in Resources */ = {isa = PBXBuildFile; fileRef = AAA5ADB017ADA45E000B174F /* moonFULL.png */; };
		AAA5ADCC17ADA45E000B174F /* personIcon_blue.png in Resources */ = {isa = PBXBuildFile; fileRef = AAA5ADB117ADA45E000B174F /* personIcon_blue.png */; };
		AAA5ADCD17ADA45E000B174F /* personIcon_brown.png in Resources */ = {isa = PBXBuildFile; fileRef = AAA5ADB217ADA45E000B174F /* personIcon_brown.png */; };
		AAA5ADCE17ADA45E000B174F /* personIcon_green.png in Resources */ = {isa = PBXBuildFile; fileRef = AAA5ADB317ADA45E000B174F /* personIcon_green.png */; };
		AAA5ADCF17ADA45E000B174F /* personIcon_red.png in Resources */ = {isa = PBXBuildFile; fileRef = AAA5ADB417ADA45E000B174F /* personIcon_red.png */; };
		AAA5ADD017ADA45E000B174F /* personIcon.png in Resources */ = {isa = PBXBuildFile; fileRef = AAA5ADB517ADA45E000B174F /* personIcon.png */; };
		AAA5ADD117ADA45E000B174F /* personIconFULL.png in Resources */ = {isa = PBXBuildFile; fileRef = AAA5ADB617ADA45E000B174F /* personIconFULL.png */; };
		AAA5ADD217ADA45E000B174F /* Screen shot 2011-08-15 at 8.28.05 AM.png in Resources */ = {isa = PBXBuildFile; fileRef = AAA5ADB717ADA45E000B174F /* Screen shot 2011-08-15 at 8.28.05 AM.png */; };
		AAA5ADD317ADA45E000B174F /* sun.png in Resources */ = {isa = PBXBuildFile; fileRef = AAA5ADB817ADA45E000B174F /* sun.png */; };
		AAA5ADD417ADA45E000B174F /* sunFULL.png in Resources */ = {isa = PBXBuildFile; fileRef = AAA5ADB917ADA45E000B174F /* sunFULL.png */; };
		AAA5ADD517ADA45E000B174F /* villager_dead.png in Resources */ = {isa = PBXBuildFile; fileRef = AAA5ADBA17ADA45E000B174F /* villager_dead.png */; };
		AAA5ADD617ADA45E000B174F /* villager_sleep.png in Resources */ = {isa = PBXBuildFile; fileRef = AAA5ADBB17ADA45E000B174F /* villager_sleep.png */; };
		AAA5ADD717ADA45E000B174F /* villager.png in Resources */ = {isa = PBXBuildFile; fileRef = AAA5ADBC17ADA45E000B174F /* villager.png */; };
		AAA5ADD817ADA45E000B174F /* werewolf_dead.png in Resources */ = {isa = PBXBuildFile; fileRef = AAA5ADBD17ADA45E000B174F /* werewolf_dead.png */; };
		AAA5ADD917ADA45E000B174F /* werewolf_sleep.png in Resources */ = {isa = PBXBuildFile; fileRef = AAA5ADBE17ADA45E000B174F /* werewolf_sleep.png */; };
		AAA5ADDA17ADA45E000B174F /* werewolf.png in Resources */ = {isa = PBXBuildFile; fileRef = AAA5ADBF17ADA45E000B174F /* werewolf.png */; };
		AAA5ADDD17ADA979000B174F /* CircleIconView.m in Sources */ = {isa = PBXBuildFile; fileRef = AAA5ADDC17ADA979000B174F /* CircleIconView.m */; };
		AAA5ADE017ADB184000B174F /* PlayerPositionView.m in Sources */ = {isa = PBXBuildFile; fileRef = AAA5ADDF17ADB184000B174F /* PlayerPositionView.m */; };
		AAD811DA17C032C000534914 /* GameSetupViewController.m in Sources */ = {isa = PBXBuildFile; fileRef = AAD811D917C032C000534914 /* GameSetupViewController.m */; };
		AAE7750317B6BDE000260913 /* UIFViewController.m in Sources */ = {isa = PBXBuildFile; fileRef = AAE7750217B6BDE000260913 /* UIFViewController.m */; };
/* End PBXBuildFile section */

/* Begin PBXFileReference section */
		AA0A36E417A89E5600E185AA /* werewolves.app */ = {isa = PBXFileReference; explicitFileType = wrapper.application; includeInIndex = 0; path = werewolves.app; sourceTree = BUILT_PRODUCTS_DIR; };
		AA0A36E717A89E5600E185AA /* UIKit.framework */ = {isa = PBXFileReference; lastKnownFileType = wrapper.framework; name = UIKit.framework; path = System/Library/Frameworks/UIKit.framework; sourceTree = SDKROOT; };
		AA0A36E917A89E5600E185AA /* Foundation.framework */ = {isa = PBXFileReference; lastKnownFileType = wrapper.framework; name = Foundation.framework; path = System/Library/Frameworks/Foundation.framework; sourceTree = SDKROOT; };
		AA0A36EB17A89E5600E185AA /* CoreGraphics.framework */ = {isa = PBXFileReference; lastKnownFileType = wrapper.framework; name = CoreGraphics.framework; path = System/Library/Frameworks/CoreGraphics.framework; sourceTree = SDKROOT; };
		AA0A370517A89FB100E185AA /* AppDelegate.h */ = {isa = PBXFileReference; fileEncoding = 4; lastKnownFileType = sourcecode.c.h; path = AppDelegate.h; sourceTree = "<group>"; };
		AA0A370617A89FB100E185AA /* AppDelegate.m */ = {isa = PBXFileReference; fileEncoding = 4; lastKnownFileType = sourcecode.c.objc; path = AppDelegate.m; sourceTree = "<group>"; };
		AA0A370C17A89FB100E185AA /* main.m */ = {isa = PBXFileReference; fileEncoding = 4; lastKnownFileType = sourcecode.c.objc; path = main.m; sourceTree = "<group>"; };
		AA0A371717A8A00E00E185AA /* Default-568h@2x.png */ = {isa = PBXFileReference; lastKnownFileType = image.png; path = "Default-568h@2x.png"; sourceTree = "<group>"; };
		AA0A371817A8A00E00E185AA /* Default.png */ = {isa = PBXFileReference; lastKnownFileType = image.png; path = Default.png; sourceTree = "<group>"; };
		AA0A371917A8A00E00E185AA /* Default@2x.png */ = {isa = PBXFileReference; lastKnownFileType = image.png; path = "Default@2x.png"; sourceTree = "<group>"; };
		AA0A372C17A8A1AC00E185AA /* en */ = {isa = PBXFileReference; lastKnownFileType = text.plist.strings; name = en; path = en.lproj/InfoPlist.strings; sourceTree = "<group>"; };
		AA0A372D17A8A1AC00E185AA /* werewolves-Info.plist */ = {isa = PBXFileReference; fileEncoding = 4; lastKnownFileType = text.plist.xml; path = "werewolves-Info.plist"; sourceTree = "<group>"; };
		AA0A372E17A8A1AC00E185AA /* werewolves-Prefix.pch */ = {isa = PBXFileReference; fileEncoding = 4; lastKnownFileType = sourcecode.c.h; path = "werewolves-Prefix.pch"; sourceTree = "<group>"; };
		AA0A372F17A8A1AC00E185AA /* AppConstants.h */ = {isa = PBXFileReference; fileEncoding = 4; lastKnownFileType = sourcecode.c.h; path = AppConstants.h; sourceTree = "<group>"; };
		AA0A373117A8A1AC00E185AA /* CampfireCircleView.h */ = {isa = PBXFileReference; fileEncoding = 4; lastKnownFileType = sourcecode.c.h; path = CampfireCircleView.h; sourceTree = "<group>"; };
		AA0A373217A8A1AC00E185AA /* CampfireCircleView.m */ = {isa = PBXFileReference; fileEncoding = 4; lastKnownFileType = sourcecode.c.objc; lineEnding = 0; path = CampfireCircleView.m; sourceTree = "<group>"; xcLanguageSpecificationIdentifier = xcode.lang.objc; };
		AA0A373317A8A1AC00E185AA /* PlayerSplitOverviewView.h */ = {isa = PBXFileReference; fileEncoding = 4; lastKnownFileType = sourcecode.c.h; path = PlayerSplitOverviewView.h; sourceTree = "<group>"; };
		AA0A373417A8A1AC00E185AA /* PlayerSplitOverviewView.m */ = {isa = PBXFileReference; fileEncoding = 4; lastKnownFileType = sourcecode.c.objc; lineEnding = 0; path = PlayerSplitOverviewView.m; sourceTree = "<group>"; xcLanguageSpecificationIdentifier = xcode.lang.objc; };
		AA0A373717A8A1AC00E185AA /* Game.h */ = {isa = PBXFileReference; fileEncoding = 4; lastKnownFileType = sourcecode.c.h; path = Game.h; sourceTree = "<group>"; };
		AA0A373817A8A1AC00E185AA /* Game.m */ = {isa = PBXFileReference; fileEncoding = 4; lastKnownFileType = sourcecode.c.objc; lineEnding = 0; path = Game.m; sourceTree = "<group>"; xcLanguageSpecificationIdentifier = xcode.lang.objc; };
		AA0A373C17A8A1AC00E185AA /* SplitSetupViewController.h */ = {isa = PBXFileReference; fileEncoding = 4; lastKnownFileType = sourcecode.c.h; path = SplitSetupViewController.h; sourceTree = "<group>"; };
		AA0A373D17A8A1AC00E185AA /* SplitSetupViewController.m */ = {isa = PBXFileReference; fileEncoding = 4; lastKnownFileType = sourcecode.c.objc; lineEnding = 0; path = SplitSetupViewController.m; sourceTree = "<group>"; xcLanguageSpecificationIdentifier = xcode.lang.objc; };
		AA0A374217A8A1AC00E185AA /* IntroScreenViewController.h */ = {isa = PBXFileReference; fileEncoding = 4; lastKnownFileType = sourcecode.c.h; path = IntroScreenViewController.h; sourceTree = "<group>"; };
		AA0A374317A8A1AC00E185AA /* IntroScreenViewController.m */ = {isa = PBXFileReference; fileEncoding = 4; lastKnownFileType = sourcecode.c.objc; path = IntroScreenViewController.m; sourceTree = "<group>"; };
		AA0A374517A8A1AC00E185AA /* Move.h */ = {isa = PBXFileReference; fileEncoding = 4; lastKnownFileType = sourcecode.c.h; path = Move.h; sourceTree = "<group>"; };
		AA0A374617A8A1AC00E185AA /* Move.m */ = {isa = PBXFileReference; fileEncoding = 4; lastKnownFileType = sourcecode.c.objc; path = Move.m; sourceTree = "<group>"; };
		AA0A374717A8A1AC00E185AA /* Player.h */ = {isa = PBXFileReference; fileEncoding = 4; lastKnownFileType = sourcecode.c.h; path = Player.h; sourceTree = "<group>"; };
		AA0A374817A8A1AC00E185AA /* Player.m */ = {isa = PBXFileReference; fileEncoding = 4; lastKnownFileType = sourcecode.c.objc; path = Player.m; sourceTree = "<group>"; };
		AA0A374917A8A1AC00E185AA /* PlayerSetupViewController.h */ = {isa = PBXFileReference; fileEncoding = 4; lastKnownFileType = sourcecode.c.h; path = PlayerSetupViewController.h; sourceTree = "<group>"; };
		AA0A374A17A8A1AC00E185AA /* PlayerSetupViewController.m */ = {isa = PBXFileReference; fileEncoding = 4; lastKnownFileType = sourcecode.c.objc; path = PlayerSetupViewController.m; sourceTree = "<group>"; };
		AA0A374C17A8A1AC00E185AA /* PlayerView.h */ = {isa = PBXFileReference; fileEncoding = 4; lastKnownFileType = sourcecode.c.h; path = PlayerView.h; sourceTree = "<group>"; };
		AA0A374D17A8A1AC00E185AA /* PlayerView.m */ = {isa = PBXFileReference; fileEncoding = 4; lastKnownFileType = sourcecode.c.objc; path = PlayerView.m; sourceTree = "<group>"; };
		AA0A374E17A8A1AC00E185AA /* TypeSetupViewController.h */ = {isa = PBXFileReference; fileEncoding = 4; lastKnownFileType = sourcecode.c.h; path = TypeSetupViewController.h; sourceTree = "<group>"; };
		AA0A374F17A8A1AC00E185AA /* TypeSetupViewController.m */ = {isa = PBXFileReference; fileEncoding = 4; lastKnownFileType = sourcecode.c.objc; path = TypeSetupViewController.m; sourceTree = "<group>"; };
		AA0A376E17A8A2F100E185AA /* WerewolvesRootViewcontroller.h */ = {isa = PBXFileReference; fileEncoding = 4; lastKnownFileType = sourcecode.c.h; path = WerewolvesRootViewcontroller.h; sourceTree = "<group>"; };
		AA0A376F17A8A2F100E185AA /* WerewolvesRootViewcontroller.m */ = {isa = PBXFileReference; fileEncoding = 4; lastKnownFileType = sourcecode.c.objc; path = WerewolvesRootViewcontroller.m; sourceTree = "<group>"; };
		AAA5ADA217AC6E71000B174F /* ContentViewController.h */ = {isa = PBXFileReference; fileEncoding = 4; lastKnownFileType = sourcecode.c.h; path = ContentViewController.h; sourceTree = "<group>"; };
		AAA5ADA317AC6E71000B174F /* ContentViewController.m */ = {isa = PBXFileReference; fileEncoding = 4; lastKnownFileType = sourcecode.c.objc; path = ContentViewController.m; sourceTree = "<group>"; };
		AAA5ADA517ADA45E000B174F /* ball.png */ = {isa = PBXFileReference; lastKnownFileType = image.png; path = ball.png; sourceTree = "<group>"; };
		AAA5ADA617ADA45E000B174F /* ballFULL.png */ = {isa = PBXFileReference; lastKnownFileType = image.png; path = ballFULL.png; sourceTree = "<group>"; };
		AAA5ADA717ADA45E000B174F /* fire.png */ = {isa = PBXFileReference; lastKnownFileType = image.png; path = fire.png; sourceTree = "<group>"; };
		AAA5ADA817ADA45E000B174F /* fireFULL.png */ = {isa = PBXFileReference; lastKnownFileType = image.png; path = fireFULL.png; sourceTree = "<group>"; };
		AAA5ADA917ADA45E000B174F /* healer_dead.png */ = {isa = PBXFileReference; lastKnownFileType = image.png; path = healer_dead.png; sourceTree = "<group>"; };
		AAA5ADAA17ADA45E000B174F /* healer_sleep.png */ = {isa = PBXFileReference; lastKnownFileType = image.png; path = healer_sleep.png; sourceTree = "<group>"; };
		AAA5ADAB17ADA45E000B174F /* healer.png */ = {isa = PBXFileReference; lastKnownFileType = image.png; path = healer.png; sourceTree = "<group>"; };
		AAA5ADAC17ADA45E000B174F /* hunter_dead.png */ = {isa = PBXFileReference; lastKnownFileType = image.png; path = hunter_dead.png; sourceTree = "<group>"; };
		AAA5ADAD17ADA45E000B174F /* hunter_sleep.png */ = {isa = PBXFileReference; lastKnownFileType = image.png; path = hunter_sleep.png; sourceTree = "<group>"; };
		AAA5ADAE17ADA45E000B174F /* hunter.png */ = {isa = PBXFileReference; lastKnownFileType = image.png; path = hunter.png; sourceTree = "<group>"; };
		AAA5ADAF17ADA45E000B174F /* moon.png */ = {isa = PBXFileReference; lastKnownFileType = image.png; path = moon.png; sourceTree = "<group>"; };
		AAA5ADB017ADA45E000B174F /* moonFULL.png */ = {isa = PBXFileReference; lastKnownFileType = image.png; path = moonFULL.png; sourceTree = "<group>"; };
		AAA5ADB117ADA45E000B174F /* personIcon_blue.png */ = {isa = PBXFileReference; lastKnownFileType = image.png; path = personIcon_blue.png; sourceTree = "<group>"; };
		AAA5ADB217ADA45E000B174F /* personIcon_brown.png */ = {isa = PBXFileReference; lastKnownFileType = image.png; path = personIcon_brown.png; sourceTree = "<group>"; };
		AAA5ADB317ADA45E000B174F /* personIcon_green.png */ = {isa = PBXFileReference; lastKnownFileType = image.png; path = personIcon_green.png; sourceTree = "<group>"; };
		AAA5ADB417ADA45E000B174F /* personIcon_red.png */ = {isa = PBXFileReference; lastKnownFileType = image.png; path = personIcon_red.png; sourceTree = "<group>"; };
		AAA5ADB517ADA45E000B174F /* personIcon.png */ = {isa = PBXFileReference; lastKnownFileType = image.png; path = personIcon.png; sourceTree = "<group>"; };
		AAA5ADB617ADA45E000B174F /* personIconFULL.png */ = {isa = PBXFileReference; lastKnownFileType = image.png; path = personIconFULL.png; sourceTree = "<group>"; };
		AAA5ADB717ADA45E000B174F /* Screen shot 2011-08-15 at 8.28.05 AM.png */ = {isa = PBXFileReference; lastKnownFileType = image.png; path = "Screen shot 2011-08-15 at 8.28.05 AM.png"; sourceTree = "<group>"; };
		AAA5ADB817ADA45E000B174F /* sun.png */ = {isa = PBXFileReference; lastKnownFileType = image.png; path = sun.png; sourceTree = "<group>"; };
		AAA5ADB917ADA45E000B174F /* sunFULL.png */ = {isa = PBXFileReference; lastKnownFileType = image.png; path = sunFULL.png; sourceTree = "<group>"; };
		AAA5ADBA17ADA45E000B174F /* villager_dead.png */ = {isa = PBXFileReference; lastKnownFileType = image.png; path = villager_dead.png; sourceTree = "<group>"; };
		AAA5ADBB17ADA45E000B174F /* villager_sleep.png */ = {isa = PBXFileReference; lastKnownFileType = image.png; path = villager_sleep.png; sourceTree = "<group>"; };
		AAA5ADBC17ADA45E000B174F /* villager.png */ = {isa = PBXFileReference; lastKnownFileType = image.png; path = villager.png; sourceTree = "<group>"; };
		AAA5ADBD17ADA45E000B174F /* werewolf_dead.png */ = {isa = PBXFileReference; lastKnownFileType = image.png; path = werewolf_dead.png; sourceTree = "<group>"; };
		AAA5ADBE17ADA45E000B174F /* werewolf_sleep.png */ = {isa = PBXFileReference; lastKnownFileType = image.png; path = werewolf_sleep.png; sourceTree = "<group>"; };
		AAA5ADBF17ADA45E000B174F /* werewolf.png */ = {isa = PBXFileReference; lastKnownFileType = image.png; path = werewolf.png; sourceTree = "<group>"; };
		AAA5ADDB17ADA979000B174F /* CircleIconView.h */ = {isa = PBXFileReference; fileEncoding = 4; lastKnownFileType = sourcecode.c.h; path = CircleIconView.h; sourceTree = "<group>"; };
		AAA5ADDC17ADA979000B174F /* CircleIconView.m */ = {isa = PBXFileReference; fileEncoding = 4; lastKnownFileType = sourcecode.c.objc; path = CircleIconView.m; sourceTree = "<group>"; };
		AAA5ADDE17ADB184000B174F /* PlayerPositionView.h */ = {isa = PBXFileReference; fileEncoding = 4; lastKnownFileType = sourcecode.c.h; path = PlayerPositionView.h; sourceTree = "<group>"; };
		AAA5ADDF17ADB184000B174F /* PlayerPositionView.m */ = {isa = PBXFileReference; fileEncoding = 4; lastKnownFileType = sourcecode.c.objc; path = PlayerPositionView.m; sourceTree = "<group>"; };
		AAD811D817C032C000534914 /* GameSetupViewController.h */ = {isa = PBXFileReference; fileEncoding = 4; lastKnownFileType = sourcecode.c.h; path = GameSetupViewController.h; sourceTree = "<group>"; };
		AAD811D917C032C000534914 /* GameSetupViewController.m */ = {isa = PBXFileReference; fileEncoding = 4; lastKnownFileType = sourcecode.c.objc; path = GameSetupViewController.m; sourceTree = "<group>"; };
		AAE7750117B6BDE000260913 /* UIFViewController.h */ = {isa = PBXFileReference; fileEncoding = 4; lastKnownFileType = sourcecode.c.h; path = UIFViewController.h; sourceTree = "<group>"; };
		AAE7750217B6BDE000260913 /* UIFViewController.m */ = {isa = PBXFileReference; fileEncoding = 4; lastKnownFileType = sourcecode.c.objc; path = UIFViewController.m; sourceTree = "<group>"; };
/* End PBXFileReference section */

/* Begin PBXFrameworksBuildPhase section */
		AA0A36E117A89E5600E185AA /* Frameworks */ = {
			isa = PBXFrameworksBuildPhase;
			buildActionMask = 2147483647;
			files = (
				AA0A36E817A89E5600E185AA /* UIKit.framework in Frameworks */,
				AA0A36EA17A89E5600E185AA /* Foundation.framework in Frameworks */,
				AA0A36EC17A89E5600E185AA /* CoreGraphics.framework in Frameworks */,
			);
			runOnlyForDeploymentPostprocessing = 0;
		};
/* End PBXFrameworksBuildPhase section */

/* Begin PBXGroup section */
		AA0A36DB17A89E5600E185AA = {
			isa = PBXGroup;
			children = (
				AA0A371617A8A00E00E185AA /* assets */,
				AA0A370417A89FB100E185AA /* src */,
				AA0A36E617A89E5600E185AA /* Frameworks */,
				AA0A36E517A89E5600E185AA /* Products */,
			);
			sourceTree = "<group>";
		};
		AA0A36E517A89E5600E185AA /* Products */ = {
			isa = PBXGroup;
			children = (
				AA0A36E417A89E5600E185AA /* werewolves.app */,
			);
			name = Products;
			sourceTree = "<group>";
		};
		AA0A36E617A89E5600E185AA /* Frameworks */ = {
			isa = PBXGroup;
			children = (
				AA0A36E717A89E5600E185AA /* UIKit.framework */,
				AA0A36E917A89E5600E185AA /* Foundation.framework */,
				AA0A36EB17A89E5600E185AA /* CoreGraphics.framework */,
			);
			name = Frameworks;
			sourceTree = "<group>";
		};
		AA0A370417A89FB100E185AA /* src */ = {
			isa = PBXGroup;
			children = (
				AA0A372A17A8A1AC00E185AA /* app */,
				AA0A370C17A89FB100E185AA /* main.m */,
				AA0A372F17A8A1AC00E185AA /* AppConstants.h */,
				AA0A370517A89FB100E185AA /* AppDelegate.h */,
				AA0A370617A89FB100E185AA /* AppDelegate.m */,
				AAE7750117B6BDE000260913 /* UIFViewController.h */,
				AAE7750217B6BDE000260913 /* UIFViewController.m */,
				AAA5ADA217AC6E71000B174F /* ContentViewController.h */,
				AAA5ADA317AC6E71000B174F /* ContentViewController.m */,
				AA0A376E17A8A2F100E185AA /* WerewolvesRootViewcontroller.h */,
				AA0A376F17A8A2F100E185AA /* WerewolvesRootViewcontroller.m */,
				AA0A374217A8A1AC00E185AA /* IntroScreenViewController.h */,
				AA0A374317A8A1AC00E185AA /* IntroScreenViewController.m */,
				AAD811D817C032C000534914 /* GameSetupViewController.h */,
				AAD811D917C032C000534914 /* GameSetupViewController.m */,
				AA0A373C17A8A1AC00E185AA /* SplitSetupViewController.h */,
				AA0A373D17A8A1AC00E185AA /* SplitSetupViewController.m */,
				AA0A374917A8A1AC00E185AA /* PlayerSetupViewController.h */,
				AA0A374A17A8A1AC00E185AA /* PlayerSetupViewController.m */,
				AA0A374E17A8A1AC00E185AA /* TypeSetupViewController.h */,
				AA0A374F17A8A1AC00E185AA /* TypeSetupViewController.m */,
				AAA5ADDB17ADA979000B174F /* CircleIconView.h */,
				AAA5ADDC17ADA979000B174F /* CircleIconView.m */,
				AA0A373317A8A1AC00E185AA /* PlayerSplitOverviewView.h */,
				AA0A373417A8A1AC00E185AA /* PlayerSplitOverviewView.m */,
				AAA5ADDE17ADB184000B174F /* PlayerPositionView.h */,
				AAA5ADDF17ADB184000B174F /* PlayerPositionView.m */,
				AA0A373117A8A1AC00E185AA /* CampfireCircleView.h */,
				AA0A373217A8A1AC00E185AA /* CampfireCircleView.m */,
				AA0A373717A8A1AC00E185AA /* Game.h */,
				AA0A373817A8A1AC00E185AA /* Game.m */,
				AA0A374517A8A1AC00E185AA /* Move.h */,
				AA0A374617A8A1AC00E185AA /* Move.m */,
				AA0A374717A8A1AC00E185AA /* Player.h */,
				AA0A374817A8A1AC00E185AA /* Player.m */,
				AA0A374C17A8A1AC00E185AA /* PlayerView.h */,
				AA0A374D17A8A1AC00E185AA /* PlayerView.m */,
			);
			path = src;
			sourceTree = "<group>";
		};
		AA0A371617A8A00E00E185AA /* assets */ = {
			isa = PBXGroup;
			children = (
				AAA5ADA517ADA45E000B174F /* ball.png */,
				AAA5ADA617ADA45E000B174F /* ballFULL.png */,
				AAA5ADA717ADA45E000B174F /* fire.png */,
				AAA5ADA817ADA45E000B174F /* fireFULL.png */,
				AAA5ADA917ADA45E000B174F /* healer_dead.png */,
				AAA5ADAA17ADA45E000B174F /* healer_sleep.png */,
				AAA5ADAB17ADA45E000B174F /* healer.png */,
				AAA5ADAC17ADA45E000B174F /* hunter_dead.png */,
				AAA5ADAD17ADA45E000B174F /* hunter_sleep.png */,
				AAA5ADAE17ADA45E000B174F /* hunter.png */,
				AAA5ADAF17ADA45E000B174F /* moon.png */,
				AAA5ADB017ADA45E000B174F /* moonFULL.png */,
				AAA5ADB117ADA45E000B174F /* personIcon_blue.png */,
				AAA5ADB217ADA45E000B174F /* personIcon_brown.png */,
				AAA5ADB317ADA45E000B174F /* personIcon_green.png */,
				AAA5ADB417ADA45E000B174F /* personIcon_red.png */,
				AAA5ADB517ADA45E000B174F /* personIcon.png */,
				AAA5ADB617ADA45E000B174F /* personIconFULL.png */,
				AAA5ADB717ADA45E000B174F /* Screen shot 2011-08-15 at 8.28.05 AM.png */,
				AAA5ADB817ADA45E000B174F /* sun.png */,
				AAA5ADB917ADA45E000B174F /* sunFULL.png */,
				AAA5ADBA17ADA45E000B174F /* villager_dead.png */,
				AAA5ADBB17ADA45E000B174F /* villager_sleep.png */,
				AAA5ADBC17ADA45E000B174F /* villager.png */,
				AAA5ADBD17ADA45E000B174F /* werewolf_dead.png */,
				AAA5ADBE17ADA45E000B174F /* werewolf_sleep.png */,
				AAA5ADBF17ADA45E000B174F /* werewolf.png */,
				AA0A371717A8A00E00E185AA /* Default-568h@2x.png */,
				AA0A371817A8A00E00E185AA /* Default.png */,
				AA0A371917A8A00E00E185AA /* Default@2x.png */,
			);
			path = assets;
			sourceTree = "<group>";
		};
		AA0A372A17A8A1AC00E185AA /* app */ = {
			isa = PBXGroup;
			children = (
				AA0A372B17A8A1AC00E185AA /* InfoPlist.strings */,
				AA0A372D17A8A1AC00E185AA /* werewolves-Info.plist */,
				AA0A372E17A8A1AC00E185AA /* werewolves-Prefix.pch */,
			);
			path = app;
			sourceTree = "<group>";
		};
/* End PBXGroup section */

/* Begin PBXNativeTarget section */
		AA0A36E317A89E5600E185AA /* werewolves */ = {
			isa = PBXNativeTarget;
			buildConfigurationList = AA0A370117A89E5600E185AA /* Build configuration list for PBXNativeTarget "werewolves" */;
			buildPhases = (
				AA0A36E017A89E5600E185AA /* Sources */,
				AA0A36E117A89E5600E185AA /* Frameworks */,
				AA0A36E217A89E5600E185AA /* Resources */,
			);
			buildRules = (
			);
			dependencies = (
			);
			name = werewolves;
			productName = werewolves;
			productReference = AA0A36E417A89E5600E185AA /* werewolves.app */;
			productType = "com.apple.product-type.application";
		};
/* End PBXNativeTarget section */

/* Begin PBXProject section */
		AA0A36DC17A89E5600E185AA /* Project object */ = {
			isa = PBXProject;
			attributes = {
				LastUpgradeCheck = 0460;
				ORGANIZATIONNAME = "Phildo Games";
			};
			buildConfigurationList = AA0A36DF17A89E5600E185AA /* Build configuration list for PBXProject "werewolves" */;
			compatibilityVersion = "Xcode 3.2";
			developmentRegion = English;
			hasScannedForEncodings = 0;
			knownRegions = (
				en,
			);
			mainGroup = AA0A36DB17A89E5600E185AA;
			productRefGroup = AA0A36E517A89E5600E185AA /* Products */;
			projectDirPath = "";
			projectRoot = "";
			targets = (
				AA0A36E317A89E5600E185AA /* werewolves */,
			);
		};
/* End PBXProject section */

/* Begin PBXResourcesBuildPhase section */
		AA0A36E217A89E5600E185AA /* Resources */ = {
			isa = PBXResourcesBuildPhase;
			buildActionMask = 2147483647;
			files = (
				AA0A371A17A8A00E00E185AA /* Default-568h@2x.png in Resources */,
				AA0A371B17A8A00E00E185AA /* Default.png in Resources */,
				AA0A371C17A8A00E00E185AA /* Default@2x.png in Resources */,
				AAA5ADC017ADA45E000B174F /* ball.png in Resources */,
				AAA5ADC117ADA45E000B174F /* ballFULL.png in Resources */,
				AAA5ADC217ADA45E000B174F /* fire.png in Resources */,
				AAA5ADC317ADA45E000B174F /* fireFULL.png in Resources */,
				AAA5ADC417ADA45E000B174F /* healer_dead.png in Resources */,
				AAA5ADC517ADA45E000B174F /* healer_sleep.png in Resources */,
				AAA5ADC617ADA45E000B174F /* healer.png in Resources */,
				AAA5ADC717ADA45E000B174F /* hunter_dead.png in Resources */,
				AAA5ADC817ADA45E000B174F /* hunter_sleep.png in Resources */,
				AAA5ADC917ADA45E000B174F /* hunter.png in Resources */,
				AAA5ADCA17ADA45E000B174F /* moon.png in Resources */,
				AAA5ADCB17ADA45E000B174F /* moonFULL.png in Resources */,
				AAA5ADCC17ADA45E000B174F /* personIcon_blue.png in Resources */,
				AAA5ADCD17ADA45E000B174F /* personIcon_brown.png in Resources */,
				AAA5ADCE17ADA45E000B174F /* personIcon_green.png in Resources */,
				AAA5ADCF17ADA45E000B174F /* personIcon_red.png in Resources */,
				AAA5ADD017ADA45E000B174F /* personIcon.png in Resources */,
				AAA5ADD117ADA45E000B174F /* personIconFULL.png in Resources */,
				AAA5ADD217ADA45E000B174F /* Screen shot 2011-08-15 at 8.28.05 AM.png in Resources */,
				AAA5ADD317ADA45E000B174F /* sun.png in Resources */,
				AAA5ADD417ADA45E000B174F /* sunFULL.png in Resources */,
				AAA5ADD517ADA45E000B174F /* villager_dead.png in Resources */,
				AAA5ADD617ADA45E000B174F /* villager_sleep.png in Resources */,
				AAA5ADD717ADA45E000B174F /* villager.png in Resources */,
				AAA5ADD817ADA45E000B174F /* werewolf_dead.png in Resources */,
				AAA5ADD917ADA45E000B174F /* werewolf_sleep.png in Resources */,
				AAA5ADDA17ADA45E000B174F /* werewolf.png in Resources */,
			);
			runOnlyForDeploymentPostprocessing = 0;
		};
/* End PBXResourcesBuildPhase section */

/* Begin PBXSourcesBuildPhase section */
		AA0A36E017A89E5600E185AA /* Sources */ = {
			isa = PBXSourcesBuildPhase;
			buildActionMask = 2147483647;
			files = (
				AA0A370F17A89FB100E185AA /* AppDelegate.m in Sources */,
				AA0A371417A89FB100E185AA /* main.m in Sources */,
				AA0A375917A8A1AC00E185AA /* CampfireCircleView.m in Sources */,
				AA0A375A17A8A1AC00E185AA /* PlayerSplitOverviewView.m in Sources */,
				AAD811DA17C032C000534914 /* GameSetupViewController.m in Sources */,
				AA0A375C17A8A1AC00E185AA /* Game.m in Sources */,
				AA0A375F17A8A1AC00E185AA /* SplitSetupViewController.m in Sources */,
				AA0A376317A8A1AC00E185AA /* IntroScreenViewController.m in Sources */,
				AA0A376517A8A1AC00E185AA /* Move.m in Sources */,
				AA0A376617A8A1AC00E185AA /* Player.m in Sources */,
				AAE7750317B6BDE000260913 /* UIFViewController.m in Sources */,
				AA0A376717A8A1AC00E185AA /* PlayerSetupViewController.m in Sources */,
				AA0A376917A8A1AC00E185AA /* PlayerView.m in Sources */,
				AA0A376A17A8A1AC00E185AA /* TypeSetupViewController.m in Sources */,
				AA0A377017A8A2F100E185AA /* WerewolvesRootViewcontroller.m in Sources */,
				AAA5ADA417AC6E71000B174F /* ContentViewController.m in Sources */,
				AAA5ADDD17ADA979000B174F /* CircleIconView.m in Sources */,
				AAA5ADE017ADB184000B174F /* PlayerPositionView.m in Sources */,
			);
			runOnlyForDeploymentPostprocessing = 0;
		};
/* End PBXSourcesBuildPhase section */

/* Begin PBXVariantGroup section */
		AA0A372B17A8A1AC00E185AA /* InfoPlist.strings */ = {
			isa = PBXVariantGroup;
			children = (
				AA0A372C17A8A1AC00E185AA /* en */,
			);
			name = InfoPlist.strings;
			sourceTree = "<group>";
		};
/* End PBXVariantGroup section */

/* Begin XCBuildConfiguration section */
		AA0A36FF17A89E5600E185AA /* Debug */ = {
			isa = XCBuildConfiguration;
			buildSettings = {
				ALWAYS_SEARCH_USER_PATHS = NO;
				CLANG_CXX_LANGUAGE_STANDARD = "gnu++0x";
				CLANG_CXX_LIBRARY = "libc++";
				CLANG_ENABLE_OBJC_ARC = YES;
				CLANG_WARN_CONSTANT_CONVERSION = YES;
				CLANG_WARN_EMPTY_BODY = YES;
				CLANG_WARN_ENUM_CONVERSION = YES;
				CLANG_WARN_INT_CONVERSION = YES;
				CLANG_WARN__DUPLICATE_METHOD_MATCH = YES;
				"CODE_SIGN_IDENTITY[sdk=iphoneos*]" = "iPhone Developer";
				COPY_PHASE_STRIP = NO;
				GCC_C_LANGUAGE_STANDARD = gnu99;
				GCC_DYNAMIC_NO_PIC = NO;
				GCC_OPTIMIZATION_LEVEL = 0;
				GCC_PREPROCESSOR_DEFINITIONS = (
					"DEBUG=1",
					"$(inherited)",
				);
				GCC_SYMBOLS_PRIVATE_EXTERN = NO;
				GCC_WARN_ABOUT_RETURN_TYPE = YES;
				GCC_WARN_UNINITIALIZED_AUTOS = YES;
				GCC_WARN_UNUSED_VARIABLE = YES;
				IPHONEOS_DEPLOYMENT_TARGET = 6.1;
				ONLY_ACTIVE_ARCH = YES;
				SDKROOT = iphoneos;
				TARGETED_DEVICE_FAMILY = "1,2";
			};
			name = Debug;
		};
		AA0A370017A89E5600E185AA /* Release */ = {
			isa = XCBuildConfiguration;
			buildSettings = {
				ALWAYS_SEARCH_USER_PATHS = NO;
				CLANG_CXX_LANGUAGE_STANDARD = "gnu++0x";
				CLANG_CXX_LIBRARY = "libc++";
				CLANG_ENABLE_OBJC_ARC = YES;
				CLANG_WARN_CONSTANT_CONVERSION = YES;
				CLANG_WARN_EMPTY_BODY = YES;
				CLANG_WARN_ENUM_CONVERSION = YES;
				CLANG_WARN_INT_CONVERSION = YES;
				CLANG_WARN__DUPLICATE_METHOD_MATCH = YES;
				"CODE_SIGN_IDENTITY[sdk=iphoneos*]" = "iPhone Developer";
				COPY_PHASE_STRIP = YES;
				GCC_C_LANGUAGE_STANDARD = gnu99;
				GCC_WARN_ABOUT_RETURN_TYPE = YES;
				GCC_WARN_UNINITIALIZED_AUTOS = YES;
				GCC_WARN_UNUSED_VARIABLE = YES;
				IPHONEOS_DEPLOYMENT_TARGET = 6.1;
				OTHER_CFLAGS = "-DNS_BLOCK_ASSERTIONS=1";
				SDKROOT = iphoneos;
				TARGETED_DEVICE_FAMILY = "1,2";
				VALIDATE_PRODUCT = YES;
			};
			name = Release;
		};
		AA0A370217A89E5600E185AA /* Debug */ = {
			isa = XCBuildConfiguration;
			buildSettings = {
				GCC_PRECOMPILE_PREFIX_HEADER = YES;
				GCC_PREFIX_HEADER = "src/app/werewolves-Prefix.pch";
				INFOPLIST_FILE = "$(SRCROOT)/src/app/werewolves-Info.plist";
				PRODUCT_NAME = "$(TARGET_NAME)";
				WRAPPER_EXTENSION = app;
			};
			name = Debug;
		};
		AA0A370317A89E5600E185AA /* Release */ = {
			isa = XCBuildConfiguration;
			buildSettings = {
				GCC_PRECOMPILE_PREFIX_HEADER = YES;
				GCC_PREFIX_HEADER = "src/app/werewolves-Prefix.pch";
				INFOPLIST_FILE = "$(SRCROOT)/src/app/werewolves-Info.plist";
				PRODUCT_NAME = "$(TARGET_NAME)";
				WRAPPER_EXTENSION = app;
			};
			name = Release;
		};
/* End XCBuildConfiguration section */

/* Begin XCConfigurationList section */
		AA0A36DF17A89E5600E185AA /* Build configuration list for PBXProject "werewolves" */ = {
			isa = XCConfigurationList;
			buildConfigurations = (
				AA0A36FF17A89E5600E185AA /* Debug */,
				AA0A370017A89E5600E185AA /* Release */,
			);
			defaultConfigurationIsVisible = 0;
			defaultConfigurationName = Release;
		};
		AA0A370117A89E5600E185AA /* Build configuration list for PBXNativeTarget "werewolves" */ = {
			isa = XCConfigurationList;
			buildConfigurations = (
				AA0A370217A89E5600E185AA /* Debug */,
				AA0A370317A89E5600E185AA /* Release */,
			);
			defaultConfigurationIsVisible = 0;
			defaultConfigurationName = Release;
		};
/* End XCConfigurationList section */
	};
	rootObject = AA0A36DC17A89E5600E185AA /* Project object */;
}
